{
  "name": "random-pair-picker",
  "version": "1.0.0",
  "lockfileVersion": 3,
  "requires": true,
  "packages": {
    "": {
      "name": "random-pair-picker",
      "version": "1.0.0",
      "dependencies": {
        "next": "15.3.4",
        "react": "19.1.0",
        "react-dom": "19.1.0"
      }
    }
  },
  "dependencies": {
    "next": {
      "version": "15.3.4",
      "resolved": "https://registry.npmjs.org/next/-/next-15.3.4.tgz",
      "integrity": "sha512-example"
    },
    "react": {
      "version": "19.1.0",
      "resolved": "https://registry.npmjs.org/react/-/react-19.1.0.tgz",
      "integrity": "sha512-example"
    },
    "react-dom": {
      "version": "19.1.0",
      "resolved": "https://registry.npmjs.org/react-dom/-/react-dom-19.1.0.tgz",
      "integrity": "sha512-example"
    }
  }
}
